
Microsoft Visual Studio Solution File, Format Version 12.00
# Visual Studio 15
VisualStudioVersion = 15.0.27130.2036
MinimumVisualStudioVersion = 10.0.40219.1
Project("{FAE04EC0-301F-11D3-BF4B-00C04F79EFBC}") = "Multilingual.Android", "Multilingual\Multilingual.Android\Multilingual.Android.csproj", "{4BF2A30A-57DC-4A30-A9B8-43FA4536C100}"
EndProject
Project("{FAE04EC0-301F-11D3-BF4B-00C04F79EFBC}") = "Multilingual.iOS", "Multilingual\Multilingual.iOS\Multilingual.iOS.csproj", "{BDCE9D63-8F77-4F61-A490-8A4B8798B436}"
EndProject
Project("{FAE04EC0-301F-11D3-BF4B-00C04F79EFBC}") = "Multilingual.UWP", "Multilingual\Multilingual.UWP\Multilingual.UWP.csproj", "{98BA213D-D9E2-40CC-B6C5-E6F48434F49B}"
EndProject
Project("{FAE04EC0-301F-11D3-BF4B-00C04F79EFBC}") = "Multilingual", "Multilingual\Multilingual\Multilingual.csproj", "{E629B752-CCCE-458A-A822-7AE4D32A3CC9}"
EndProject
Global
	GlobalSection(SolutionConfigurationPlatforms) = preSolution
		Ad-Hoc|Any CPU = Ad-Hoc|Any CPU
		Ad-Hoc|ARM = Ad-Hoc|ARM
		Ad-Hoc|iPhone = Ad-Hoc|iPhone
		Ad-Hoc|iPhoneSimulator = Ad-Hoc|iPhoneSimulator
		Ad-Hoc|x64 = Ad-Hoc|x64
		Ad-Hoc|x86 = Ad-Hoc|x86
		AppStore|Any CPU = AppStore|Any CPU
		AppStore|ARM = AppStore|ARM
		AppStore|iPhone = AppStore|iPhone
		AppStore|iPhoneSimulator = AppStore|iPhoneSimulator
		AppStore|x64 = AppStore|x64
		AppStore|x86 = AppStore|x86
		Debug|Any CPU = Debug|Any CPU
		Debug|ARM = Debug|ARM
		Debug|iPhone = Debug|iPhone
		Debug|iPhoneSimulator = Debug|iPhoneSimulator
		Debug|x64 = Debug|x64
		Debug|x86 = Debug|x86
		Release|Any CPU = Release|Any CPU
		Release|ARM = Release|ARM
		Release|iPhone = Release|iPhone
		Release|iPhoneSimulator = Release|iPhoneSimulator
		Release|x64 = Release|x64
		Release|x86 = Release|x86
	EndGlobalSection
	GlobalSection(ProjectConfigurationPlatforms) = postSolution
		{4BF2A30A-57DC-4A30-A9B8-43FA4536C100}.Ad-Hoc|Any CPU.ActiveCfg = Release|Any CPU
		{4BF2A30A-57DC-4A30-A9B8-43FA4536C100}.Ad-Hoc|Any CPU.Build.0 = Release|Any CPU
		{4BF2A30A-57DC-4A30-A9B8-43FA4536C100}.Ad-Hoc|Any CPU.Deploy.0 = Release|Any CPU
		{4BF2A30A-57DC-4A30-A9B8-43FA4536C100}.Ad-Hoc|ARM.ActiveCfg = Release|Any CPU
		{4BF2A30A-57DC-4A30-A9B8-43FA4536C100}.Ad-Hoc|ARM.Build.0 = Release|Any CPU
		{4BF2A30A-57DC-4A30-A9B8-43FA4536C100}.Ad-Hoc|ARM.Deploy.0 = Release|Any CPU
		{4BF2A30A-57DC-4A30-A9B8-43FA4536C100}.Ad-Hoc|iPhone.ActiveCfg = Release|Any CPU
		{4BF2A30A-57DC-4A30-A9B8-43FA4536C100}.Ad-Hoc|iPhone.Build.0 = Release|Any CPU
		{4BF2A30A-57DC-4A30-A9B8-43FA4536C100}.Ad-Hoc|iPhone.Deploy.0 = Release|Any CPU
		{4BF2A30A-57DC-4A30-A9B8-43FA4536C100}.Ad-Hoc|iPhoneSimulator.ActiveCfg = Release|Any CPU
		{4BF2A30A-57DC-4A30-A9B8-43FA4536C100}.Ad-Hoc|iPhoneSimulator.Build.0 = Release|Any CPU
		{4BF2A30A-57DC-4A30-A9B8-43FA4536C100}.Ad-Hoc|iPhoneSimulator.Deploy.0 = Release|Any CPU
		{4BF2A30A-57DC-4A30-A9B8-43FA4536C100}.Ad-Hoc|x64.ActiveCfg = Release|Any CPU
		{4BF2A30A-57DC-4A30-A9B8-43FA4536C100}.Ad-Hoc|x64.Build.0 = Release|Any CPU
		{4BF2A30A-57DC-4A30-A9B8-43FA4536C100}.Ad-Hoc|x64.Deploy.0 = Release|Any CPU
		{4BF2A30A-57DC-4A30-A9B8-43FA4536C100}.Ad-Hoc|x86.ActiveCfg = Release|Any CPU
		{4BF2A30A-57DC-4A30-A9B8-43FA4536C100}.Ad-Hoc|x86.Build.0 = Release|Any CPU
		{4BF2A30A-57DC-4A30-A9B8-43FA4536C100}.Ad-Hoc|x86.Deploy.0 = Release|Any CPU
		{4BF2A30A-57DC-4A30-A9B8-43FA4536C100}.AppStore|Any CPU.ActiveCfg = Release|Any CPU
		{4BF2A30A-57DC-4A30-A9B8-43FA4536C100}.AppStore|Any CPU.Build.0 = Release|Any CPU
		{4BF2A30A-57DC-4A30-A9B8-43FA4536C100}.AppStore|Any CPU.Deploy.0 = Release|Any CPU
		{4BF2A30A-57DC-4A30-A9B8-43FA4536C100}.AppStore|ARM.ActiveCfg = Release|Any CPU
		{4BF2A30A-57DC-4A30-A9B8-43FA4536C100}.AppStore|ARM.Build.0 = Release|Any CPU
		{4BF2A30A-57DC-4A30-A9B8-43FA4536C100}.AppStore|ARM.Deploy.0 = Release|Any CPU
		{4BF2A30A-57DC-4A30-A9B8-43FA4536C100}.AppStore|iPhone.ActiveCfg = Release|Any CPU
		{4BF2A30A-57DC-4A30-A9B8-43FA4536C100}.AppStore|iPhone.Build.0 = Release|Any CPU
		{4BF2A30A-57DC-4A30-A9B8-43FA4536C100}.AppStore|iPhone.Deploy.0 = Release|Any CPU
		{4BF2A30A-57DC-4A30-A9B8-43FA4536C100}.AppStore|iPhoneSimulator.ActiveCfg = Release|Any CPU
		{4BF2A30A-57DC-4A30-A9B8-43FA4536C100}.AppStore|iPhoneSimulator.Build.0 = Release|Any CPU
		{4BF2A30A-57DC-4A30-A9B8-43FA4536C100}.AppStore|iPhoneSimulator.Deploy.0 = Release|Any CPU
		{4BF2A30A-57DC-4A30-A9B8-43FA4536C100}.AppStore|x64.ActiveCfg = Release|Any CPU
		{4BF2A30A-57DC-4A30-A9B8-43FA4536C100}.AppStore|x64.Build.0 = Release|Any CPU
		{4BF2A30A-57DC-4A30-A9B8-43FA4536C100}.AppStore|x64.Deploy.0 = Release|Any CPU
		{4BF2A30A-57DC-4A30-A9B8-43FA4536C100}.AppStore|x86.ActiveCfg = Release|Any CPU
		{4BF2A30A-57DC-4A30-A9B8-43FA4536C100}.AppStore|x86.Build.0 = Release|Any CPU
		{4BF2A30A-57DC-4A30-A9B8-43FA4536C100}.AppStore|x86.Deploy.0 = Release|Any CPU
		{4BF2A30A-57DC-4A30-A9B8-43FA4536C100}.Debug|Any CPU.ActiveCfg = Debug|Any CPU
		{4BF2A30A-57DC-4A30-A9B8-43FA4536C100}.Debug|Any CPU.Build.0 = Debug|Any CPU
		{4BF2A30A-57DC-4A30-A9B8-43FA4536C100}.Debug|Any CPU.Deploy.0 = Debug|Any CPU
		{4BF2A30A-57DC-4A30-A9B8-43FA4536C100}.Debug|ARM.ActiveCfg = Debug|Any CPU
		{4BF2A30A-57DC-4A30-A9B8-43FA4536C100}.Debug|ARM.Build.0 = Debug|Any CPU
		{4BF2A30A-57DC-4A30-A9B8-43FA4536C100}.Debug|ARM.Deploy.0 = Debug|Any CPU
		{4BF2A30A-57DC-4A30-A9B8-43FA4536C100}.Debug|iPhone.ActiveCfg = Debug|Any CPU
		{4BF2A30A-57DC-4A30-A9B8-43FA4536C100}.Debug|iPhone.Build.0 = Debug|Any CPU
		{4BF2A30A-57DC-4A30-A9B8-43FA4536C100}.Debug|iPhone.Deploy.0 = Debug|Any CPU
		{4BF2A30A-57DC-4A30-A9B8-43FA4536C100}.Debug|iPhoneSimulator.ActiveCfg = Debug|Any CPU
		{4BF2A30A-57DC-4A30-A9B8-43FA4536C100}.Debug|iPhoneSimulator.Build.0 = Debug|Any CPU
		{4BF2A30A-57DC-4A30-A9B8-43FA4536C100}.Debug|iPhoneSimulator.Deploy.0 = Debug|Any CPU
		{4BF2A30A-57DC-4A30-A9B8-43FA4536C100}.Debug|x64.ActiveCfg = Debug|Any CPU
		{4BF2A30A-57DC-4A30-A9B8-43FA4536C100}.Debug|x64.Build.0 = Debug|Any CPU
		{4BF2A30A-57DC-4A30-A9B8-43FA4536C100}.Debug|x64.Deploy.0 = Debug|Any CPU
		{4BF2A30A-57DC-4A30-A9B8-43FA4536C100}.Debug|x86.ActiveCfg = Debug|Any CPU
		{4BF2A30A-57DC-4A30-A9B8-43FA4536C100}.Debug|x86.Build.0 = Debug|Any CPU
		{4BF2A30A-57DC-4A30-A9B8-43FA4536C100}.Debug|x86.Deploy.0 = Debug|Any CPU
		{4BF2A30A-57DC-4A30-A9B8-43FA4536C100}.Release|Any CPU.ActiveCfg = Release|Any CPU
		{4BF2A30A-57DC-4A30-A9B8-43FA4536C100}.Release|Any CPU.Build.0 = Release|Any CPU
		{4BF2A30A-57DC-4A30-A9B8-43FA4536C100}.Release|Any CPU.Deploy.0 = Release|Any CPU
		{4BF2A30A-57DC-4A30-A9B8-43FA4536C100}.Release|ARM.ActiveCfg = Release|Any CPU
		{4BF2A30A-57DC-4A30-A9B8-43FA4536C100}.Release|ARM.Build.0 = Release|Any CPU
		{4BF2A30A-57DC-4A30-A9B8-43FA4536C100}.Release|ARM.Deploy.0 = Release|Any CPU
		{4BF2A30A-57DC-4A30-A9B8-43FA4536C100}.Release|iPhone.ActiveCfg = Release|Any CPU
		{4BF2A30A-57DC-4A30-A9B8-43FA4536C100}.Release|iPhone.Build.0 = Release|Any CPU
		{4BF2A30A-57DC-4A30-A9B8-43FA4536C100}.Release|iPhone.Deploy.0 = Release|Any CPU
		{4BF2A30A-57DC-4A30-A9B8-43FA4536C100}.Release|iPhoneSimulator.ActiveCfg = Release|Any CPU
		{4BF2A30A-57DC-4A30-A9B8-43FA4536C100}.Release|iPhoneSimulator.Build.0 = Release|Any CPU
		{4BF2A30A-57DC-4A30-A9B8-43FA4536C100}.Release|iPhoneSimulator.Deploy.0 = Release|Any CPU
		{4BF2A30A-57DC-4A30-A9B8-43FA4536C100}.Release|x64.ActiveCfg = Release|Any CPU
		{4BF2A30A-57DC-4A30-A9B8-43FA4536C100}.Release|x64.Build.0 = Release|Any CPU
		{4BF2A30A-57DC-4A30-A9B8-43FA4536C100}.Release|x64.Deploy.0 = Release|Any CPU
		{4BF2A30A-57DC-4A30-A9B8-43FA4536C100}.Release|x86.ActiveCfg = Release|Any CPU
		{4BF2A30A-57DC-4A30-A9B8-43FA4536C100}.Release|x86.Build.0 = Release|Any CPU
		{4BF2A30A-57DC-4A30-A9B8-43FA4536C100}.Release|x86.Deploy.0 = Release|Any CPU
		{BDCE9D63-8F77-4F61-A490-8A4B8798B436}.Ad-Hoc|Any CPU.ActiveCfg = Ad-Hoc|iPhone
		{BDCE9D63-8F77-4F61-A490-8A4B8798B436}.Ad-Hoc|ARM.ActiveCfg = Ad-Hoc|iPhone
		{BDCE9D63-8F77-4F61-A490-8A4B8798B436}.Ad-Hoc|iPhone.ActiveCfg = Ad-Hoc|iPhone
		{BDCE9D63-8F77-4F61-A490-8A4B8798B436}.Ad-Hoc|iPhone.Build.0 = Ad-Hoc|iPhone
		{BDCE9D63-8F77-4F61-A490-8A4B8798B436}.Ad-Hoc|iPhoneSimulator.ActiveCfg = Ad-Hoc|iPhoneSimulator
		{BDCE9D63-8F77-4F61-A490-8A4B8798B436}.Ad-Hoc|iPhoneSimulator.Build.0 = Ad-Hoc|iPhoneSimulator
		{BDCE9D63-8F77-4F61-A490-8A4B8798B436}.Ad-Hoc|x64.ActiveCfg = Ad-Hoc|iPhone
		{BDCE9D63-8F77-4F61-A490-8A4B8798B436}.Ad-Hoc|x86.ActiveCfg = Ad-Hoc|iPhone
		{BDCE9D63-8F77-4F61-A490-8A4B8798B436}.AppStore|Any CPU.ActiveCfg = AppStore|iPhone
		{BDCE9D63-8F77-4F61-A490-8A4B8798B436}.AppStore|ARM.ActiveCfg = AppStore|iPhone
		{BDCE9D63-8F77-4F61-A490-8A4B8798B436}.AppStore|iPhone.ActiveCfg = AppStore|iPhone
		{BDCE9D63-8F77-4F61-A490-8A4B8798B436}.AppStore|iPhone.Build.0 = AppStore|iPhone
		{BDCE9D63-8F77-4F61-A490-8A4B8798B436}.AppStore|iPhoneSimulator.ActiveCfg = AppStore|iPhoneSimulator
		{BDCE9D63-8F77-4F61-A490-8A4B8798B436}.AppStore|iPhoneSimulator.Build.0 = AppStore|iPhoneSimulator
		{BDCE9D63-8F77-4F61-A490-8A4B8798B436}.AppStore|x64.ActiveCfg = AppStore|iPhone
		{BDCE9D63-8F77-4F61-A490-8A4B8798B436}.AppStore|x86.ActiveCfg = AppStore|iPhone
		{BDCE9D63-8F77-4F61-A490-8A4B8798B436}.Debug|Any CPU.ActiveCfg = Debug|iPhone
		{BDCE9D63-8F77-4F61-A490-8A4B8798B436}.Debug|ARM.ActiveCfg = Debug|iPhone
		{BDCE9D63-8F77-4F61-A490-8A4B8798B436}.Debug|iPhone.ActiveCfg = Debug|iPhone
		{BDCE9D63-8F77-4F61-A490-8A4B8798B436}.Debug|iPhone.Build.0 = Debug|iPhone
		{BDCE9D63-8F77-4F61-A490-8A4B8798B436}.Debug|iPhoneSimulator.ActiveCfg = Debug|iPhoneSimulator
		{BDCE9D63-8F77-4F61-A490-8A4B8798B436}.Debug|iPhoneSimulator.Build.0 = Debug|iPhoneSimulator
		{BDCE9D63-8F77-4F61-A490-8A4B8798B436}.Debug|x64.ActiveCfg = Debug|iPhone
		{BDCE9D63-8F77-4F61-A490-8A4B8798B436}.Debug|x86.ActiveCfg = Debug|iPhone
		{BDCE9D63-8F77-4F61-A490-8A4B8798B436}.Release|Any CPU.ActiveCfg = Release|iPhone
		{BDCE9D63-8F77-4F61-A490-8A4B8798B436}.Release|ARM.ActiveCfg = Release|iPhone
		{BDCE9D63-8F77-4F61-A490-8A4B8798B436}.Release|iPhone.ActiveCfg = Release|iPhone
		{BDCE9D63-8F77-4F61-A490-8A4B8798B436}.Release|iPhone.Build.0 = Release|iPhone
		{BDCE9D63-8F77-4F61-A490-8A4B8798B436}.Release|iPhoneSimulator.ActiveCfg = Release|iPhoneSimulator
		{BDCE9D63-8F77-4F61-A490-8A4B8798B436}.Release|iPhoneSimulator.Build.0 = Release|iPhoneSimulator
		{BDCE9D63-8F77-4F61-A490-8A4B8798B436}.Release|x64.ActiveCfg = Release|iPhone
		{BDCE9D63-8F77-4F61-A490-8A4B8798B436}.Release|x86.ActiveCfg = Release|iPhone
		{98BA213D-D9E2-40CC-B6C5-E6F48434F49B}.Ad-Hoc|Any CPU.ActiveCfg = Release|x86
		{98BA213D-D9E2-40CC-B6C5-E6F48434F49B}.Ad-Hoc|Any CPU.Build.0 = Release|x86
		{98BA213D-D9E2-40CC-B6C5-E6F48434F49B}.Ad-Hoc|Any CPU.Deploy.0 = Release|x86
		{98BA213D-D9E2-40CC-B6C5-E6F48434F49B}.Ad-Hoc|ARM.ActiveCfg = Release|ARM
		{98BA213D-D9E2-40CC-B6C5-E6F48434F49B}.Ad-Hoc|ARM.Build.0 = Release|ARM
		{98BA213D-D9E2-40CC-B6C5-E6F48434F49B}.Ad-Hoc|ARM.Deploy.0 = Release|ARM
		{98BA213D-D9E2-40CC-B6C5-E6F48434F49B}.Ad-Hoc|iPhone.ActiveCfg = Release|x86
		{98BA213D-D9E2-40CC-B6C5-E6F48434F49B}.Ad-Hoc|iPhone.Build.0 = Release|x86
		{98BA213D-D9E2-40CC-B6C5-E6F48434F49B}.Ad-Hoc|iPhone.Deploy.0 = Release|x86
		{98BA213D-D9E2-40CC-B6C5-E6F48434F49B}.Ad-Hoc|iPhoneSimulator.ActiveCfg = Release|x86
		{98BA213D-D9E2-40CC-B6C5-E6F48434F49B}.Ad-Hoc|iPhoneSimulator.Build.0 = Release|x86
		{98BA213D-D9E2-40CC-B6C5-E6F48434F49B}.Ad-Hoc|iPhoneSimulator.Deploy.0 = Release|x86
		{98BA213D-D9E2-40CC-B6C5-E6F48434F49B}.Ad-Hoc|x64.ActiveCfg = Release|x64
		{98BA213D-D9E2-40CC-B6C5-E6F48434F49B}.Ad-Hoc|x64.Build.0 = Release|x64
		{98BA213D-D9E2-40CC-B6C5-E6F48434F49B}.Ad-Hoc|x64.Deploy.0 = Release|x64
		{98BA213D-D9E2-40CC-B6C5-E6F48434F49B}.Ad-Hoc|x86.ActiveCfg = Release|x86
		{98BA213D-D9E2-40CC-B6C5-E6F48434F49B}.Ad-Hoc|x86.Build.0 = Release|x86
		{98BA213D-D9E2-40CC-B6C5-E6F48434F49B}.Ad-Hoc|x86.Deploy.0 = Release|x86
		{98BA213D-D9E2-40CC-B6C5-E6F48434F49B}.AppStore|Any CPU.ActiveCfg = Release|x86
		{98BA213D-D9E2-40CC-B6C5-E6F48434F49B}.AppStore|Any CPU.Build.0 = Release|x86
		{98BA213D-D9E2-40CC-B6C5-E6F48434F49B}.AppStore|Any CPU.Deploy.0 = Release|x86
		{98BA213D-D9E2-40CC-B6C5-E6F48434F49B}.AppStore|ARM.ActiveCfg = Release|ARM
		{98BA213D-D9E2-40CC-B6C5-E6F48434F49B}.AppStore|ARM.Build.0 = Release|ARM
		{98BA213D-D9E2-40CC-B6C5-E6F48434F49B}.AppStore|ARM.Deploy.0 = Release|ARM
		{98BA213D-D9E2-40CC-B6C5-E6F48434F49B}.AppStore|iPhone.ActiveCfg = Release|x86
		{98BA213D-D9E2-40CC-B6C5-E6F48434F49B}.AppStore|iPhone.Build.0 = Release|x86
		{98BA213D-D9E2-40CC-B6C5-E6F48434F49B}.AppStore|iPhone.Deploy.0 = Release|x86
		{98BA213D-D9E2-40CC-B6C5-E6F48434F49B}.AppStore|iPhoneSimulator.ActiveCfg = Release|x86
		{98BA213D-D9E2-40CC-B6C5-E6F48434F49B}.AppStore|iPhoneSimulator.Build.0 = Release|x86
		{98BA213D-D9E2-40CC-B6C5-E6F48434F49B}.AppStore|iPhoneSimulator.Deploy.0 = Release|x86
		{98BA213D-D9E2-40CC-B6C5-E6F48434F49B}.AppStore|x64.ActiveCfg = Release|x64
		{98BA213D-D9E2-40CC-B6C5-E6F48434F49B}.AppStore|x64.Build.0 = Release|x64
		{98BA213D-D9E2-40CC-B6C5-E6F48434F49B}.AppStore|x64.Deploy.0 = Release|x64
		{98BA213D-D9E2-40CC-B6C5-E6F48434F49B}.AppStore|x86.ActiveCfg = Release|x86
		{98BA213D-D9E2-40CC-B6C5-E6F48434F49B}.AppStore|x86.Build.0 = Release|x86
		{98BA213D-D9E2-40CC-B6C5-E6F48434F49B}.AppStore|x86.Deploy.0 = Release|x86
		{98BA213D-D9E2-40CC-B6C5-E6F48434F49B}.Debug|Any CPU.ActiveCfg = Debug|x86
		{98BA213D-D9E2-40CC-B6C5-E6F48434F49B}.Debug|ARM.ActiveCfg = Debug|ARM
		{98BA213D-D9E2-40CC-B6C5-E6F48434F49B}.Debug|ARM.Build.0 = Debug|ARM
		{98BA213D-D9E2-40CC-B6C5-E6F48434F49B}.Debug|ARM.Deploy.0 = Debug|ARM
		{98BA213D-D9E2-40CC-B6C5-E6F48434F49B}.Debug|iPhone.ActiveCfg = Debug|x86
		{98BA213D-D9E2-40CC-B6C5-E6F48434F49B}.Debug|iPhoneSimulator.ActiveCfg = Debug|x86
		{98BA213D-D9E2-40CC-B6C5-E6F48434F49B}.Debug|x64.ActiveCfg = Debug|x64
		{98BA213D-D9E2-40CC-B6C5-E6F48434F49B}.Debug|x64.Build.0 = Debug|x64
		{98BA213D-D9E2-40CC-B6C5-E6F48434F49B}.Debug|x64.Deploy.0 = Debug|x64
		{98BA213D-D9E2-40CC-B6C5-E6F48434F49B}.Debug|x86.ActiveCfg = Debug|x86
		{98BA213D-D9E2-40CC-B6C5-E6F48434F49B}.Debug|x86.Build.0 = Debug|x86
		{98BA213D-D9E2-40CC-B6C5-E6F48434F49B}.Debug|x86.Deploy.0 = Debug|x86
		{98BA213D-D9E2-40CC-B6C5-E6F48434F49B}.Release|Any CPU.ActiveCfg = Release|x86
		{98BA213D-D9E2-40CC-B6C5-E6F48434F49B}.Release|ARM.ActiveCfg = Release|ARM
		{98BA213D-D9E2-40CC-B6C5-E6F48434F49B}.Release|ARM.Build.0 = Release|ARM
		{98BA213D-D9E2-40CC-B6C5-E6F48434F49B}.Release|ARM.Deploy.0 = Release|ARM
		{98BA213D-D9E2-40CC-B6C5-E6F48434F49B}.Release|iPhone.ActiveCfg = Release|x86
		{98BA213D-D9E2-40CC-B6C5-E6F48434F49B}.Release|iPhoneSimulator.ActiveCfg = Release|x86
		{98BA213D-D9E2-40CC-B6C5-E6F48434F49B}.Release|x64.ActiveCfg = Release|x64
		{98BA213D-D9E2-40CC-B6C5-E6F48434F49B}.Release|x64.Build.0 = Release|x64
		{98BA213D-D9E2-40CC-B6C5-E6F48434F49B}.Release|x64.Deploy.0 = Release|x64
		{98BA213D-D9E2-40CC-B6C5-E6F48434F49B}.Release|x86.ActiveCfg = Release|x86
		{98BA213D-D9E2-40CC-B6C5-E6F48434F49B}.Release|x86.Build.0 = Release|x86
		{98BA213D-D9E2-40CC-B6C5-E6F48434F49B}.Release|x86.Deploy.0 = Release|x86
		{E629B752-CCCE-458A-A822-7AE4D32A3CC9}.Ad-Hoc|Any CPU.ActiveCfg = Debug|Any CPU
		{E629B752-CCCE-458A-A822-7AE4D32A3CC9}.Ad-Hoc|Any CPU.Build.0 = Debug|Any CPU
		{E629B752-CCCE-458A-A822-7AE4D32A3CC9}.Ad-Hoc|ARM.ActiveCfg = Debug|Any CPU
		{E629B752-CCCE-458A-A822-7AE4D32A3CC9}.Ad-Hoc|ARM.Build.0 = Debug|Any CPU
		{E629B752-CCCE-458A-A822-7AE4D32A3CC9}.Ad-Hoc|iPhone.ActiveCfg = Debug|Any CPU
		{E629B752-CCCE-458A-A822-7AE4D32A3CC9}.Ad-Hoc|iPhone.Build.0 = Debug|Any CPU
		{E629B752-CCCE-458A-A822-7AE4D32A3CC9}.Ad-Hoc|iPhoneSimulator.ActiveCfg = Debug|Any CPU
		{E629B752-CCCE-458A-A822-7AE4D32A3CC9}.Ad-Hoc|iPhoneSimulator.Build.0 = Debug|Any CPU
		{E629B752-CCCE-458A-A822-7AE4D32A3CC9}.Ad-Hoc|x64.ActiveCfg = Debug|Any CPU
		{E629B752-CCCE-458A-A822-7AE4D32A3CC9}.Ad-Hoc|x64.Build.0 = Debug|Any CPU
		{E629B752-CCCE-458A-A822-7AE4D32A3CC9}.Ad-Hoc|x86.ActiveCfg = Debug|Any CPU
		{E629B752-CCCE-458A-A822-7AE4D32A3CC9}.Ad-Hoc|x86.Build.0 = Debug|Any CPU
		{E629B752-CCCE-458A-A822-7AE4D32A3CC9}.AppStore|Any CPU.ActiveCfg = Debug|Any CPU
		{E629B752-CCCE-458A-A822-7AE4D32A3CC9}.AppStore|Any CPU.Build.0 = Debug|Any CPU
		{E629B752-CCCE-458A-A822-7AE4D32A3CC9}.AppStore|ARM.ActiveCfg = Debug|Any CPU
		{E629B752-CCCE-458A-A822-7AE4D32A3CC9}.AppStore|ARM.Build.0 = Debug|Any CPU
		{E629B752-CCCE-458A-A822-7AE4D32A3CC9}.AppStore|iPhone.ActiveCfg = Debug|Any CPU
		{E629B752-CCCE-458A-A822-7AE4D32A3CC9}.AppStore|iPhone.Build.0 = Debug|Any CPU
		{E629B752-CCCE-458A-A822-7AE4D32A3CC9}.AppStore|iPhoneSimulator.ActiveCfg = Debug|Any CPU
		{E629B752-CCCE-458A-A822-7AE4D32A3CC9}.AppStore|iPhoneSimulator.Build.0 = Debug|Any CPU
		{E629B752-CCCE-458A-A822-7AE4D32A3CC9}.AppStore|x64.ActiveCfg = Debug|Any CPU
		{E629B752-CCCE-458A-A822-7AE4D32A3CC9}.AppStore|x64.Build.0 = Debug|Any CPU
		{E629B752-CCCE-458A-A822-7AE4D32A3CC9}.AppStore|x86.ActiveCfg = Debug|Any CPU
		{E629B752-CCCE-458A-A822-7AE4D32A3CC9}.AppStore|x86.Build.0 = Debug|Any CPU
		{E629B752-CCCE-458A-A822-7AE4D32A3CC9}.Debug|Any CPU.ActiveCfg = Debug|Any CPU
		{E629B752-CCCE-458A-A822-7AE4D32A3CC9}.Debug|Any CPU.Build.0 = Debug|Any CPU
		{E629B752-CCCE-458A-A822-7AE4D32A3CC9}.Debug|ARM.ActiveCfg = Debug|Any CPU
		{E629B752-CCCE-458A-A822-7AE4D32A3CC9}.Debug|ARM.Build.0 = Debug|Any CPU
		{E629B752-CCCE-458A-A822-7AE4D32A3CC9}.Debug|iPhone.ActiveCfg = Debug|Any CPU
		{E629B752-CCCE-458A-A822-7AE4D32A3CC9}.Debug|iPhone.Build.0 = Debug|Any CPU
		{E629B752-CCCE-458A-A822-7AE4D32A3CC9}.Debug|iPhoneSimulator.ActiveCfg = Debug|Any CPU
		{E629B752-CCCE-458A-A822-7AE4D32A3CC9}.Debug|iPhoneSimulator.Build.0 = Debug|Any CPU
		{E629B752-CCCE-458A-A822-7AE4D32A3CC9}.Debug|x64.ActiveCfg = Debug|Any CPU
		{E629B752-CCCE-458A-A822-7AE4D32A3CC9}.Debug|x64.Build.0 = Debug|Any CPU
		{E629B752-CCCE-458A-A822-7AE4D32A3CC9}.Debug|x86.ActiveCfg = Debug|Any CPU
		{E629B752-CCCE-458A-A822-7AE4D32A3CC9}.Debug|x86.Build.0 = Debug|Any CPU
		{E629B752-CCCE-458A-A822-7AE4D32A3CC9}.Release|Any CPU.ActiveCfg = Release|Any CPU
		{E629B752-CCCE-458A-A822-7AE4D32A3CC9}.Release|Any CPU.Build.0 = Release|Any CPU
		{E629B752-CCCE-458A-A822-7AE4D32A3CC9}.Release|ARM.ActiveCfg = Release|Any CPU
		{E629B752-CCCE-458A-A822-7AE4D32A3CC9}.Release|ARM.Build.0 = Release|Any CPU
		{E629B752-CCCE-458A-A822-7AE4D32A3CC9}.Release|iPhone.ActiveCfg = Release|Any CPU
		{E629B752-CCCE-458A-A822-7AE4D32A3CC9}.Release|iPhone.Build.0 = Release|Any CPU
		{E629B752-CCCE-458A-A822-7AE4D32A3CC9}.Release|iPhoneSimulator.ActiveCfg = Release|Any CPU
		{E629B752-CCCE-458A-A822-7AE4D32A3CC9}.Release|iPhoneSimulator.Build.0 = Release|Any CPU
		{E629B752-CCCE-458A-A822-7AE4D32A3CC9}.Release|x64.ActiveCfg = Release|Any CPU
		{E629B752-CCCE-458A-A822-7AE4D32A3CC9}.Release|x64.Build.0 = Release|Any CPU
		{E629B752-CCCE-458A-A822-7AE4D32A3CC9}.Release|x86.ActiveCfg = Release|Any CPU
		{E629B752-CCCE-458A-A822-7AE4D32A3CC9}.Release|x86.Build.0 = Release|Any CPU
	EndGlobalSection
	GlobalSection(SolutionProperties) = preSolution
		HideSolutionNode = FALSE
	EndGlobalSection
	GlobalSection(ExtensibilityGlobals) = postSolution
		SolutionGuid = {A86D6928-E101-48F8-B635-888819E91F22}
	EndGlobalSection
EndGlobal
